
Microsoft Visual Studio Solution File, Format Version 12.00
# Visual Studio 15
VisualStudioVersion = 15.0.27130.2027
MinimumVisualStudioVersion = 10.0.40219.1
Project("{FAE04EC0-301F-11D3-BF4B-00C04F79EFBC}") = "WindowsFormsApp1", "WindowsFormsApp1\WindowsFormsApp1.csproj", "{45E0DF03-B6BD-4633-B299-658DC7262356}"
EndProject
Global
	GlobalSection(SolutionConfigurationPlatforms) = preSolution
		Debug|Any CPU = Debug|Any CPU
		Release|Any CPU = Release|Any CPU
	EndGlobalSection
	GlobalSection(ProjectConfigurationPlatforms) = postSolution
		{45E0DF03-B6BD-4633-B299-658DC7262356}.Debug|Any CPU.ActiveCfg = Debug|Any CPU
		{45E0DF03-B6BD-4633-B299-658DC7262356}.Debug|Any CPU.Build.0 = Debug|Any CPU
		{45E0DF03-B6BD-4633-B299-658DC7262356}.Release|Any CPU.ActiveCfg = Release|Any CPU
		{45E0DF03-B6BD-4633-B299-658DC7262356}.Release|Any CPU.Build.0 = Release|Any CPU
	EndGlobalSection
	GlobalSection(SolutionProperties) = preSolution
		HideSolutionNode = FALSE
	EndGlobalSection
	GlobalSection(ExtensibilityGlobals) = postSolution
		SolutionGuid = {3788B21A-B655-4197-99DF-46E9ABA3B1E1}
	EndGlobalSection
EndGlobal
