
Microsoft Visual Studio Solution File, Format Version 12.00
# Visual Studio 15
VisualStudioVersion = 15.0.27130.2027
MinimumVisualStudioVersion = 10.0.40219.1
Project("{FAE04EC0-301F-11D3-BF4B-00C04F79EFBC}") = "Assignment2", "Assignment2\Assignment2.csproj", "{B07B163D-BBB6-4117-A24D-421A8C63EC87}"
EndProject
Global
	GlobalSection(SolutionConfigurationPlatforms) = preSolution
		Debug|Any CPU = Debug|Any CPU
		Release|Any CPU = Release|Any CPU
	EndGlobalSection
	GlobalSection(ProjectConfigurationPlatforms) = postSolution
		{B07B163D-BBB6-4117-A24D-421A8C63EC87}.Debug|Any CPU.ActiveCfg = Debug|Any CPU
		{B07B163D-BBB6-4117-A24D-421A8C63EC87}.Debug|Any CPU.Build.0 = Debug|Any CPU
		{B07B163D-BBB6-4117-A24D-421A8C63EC87}.Release|Any CPU.ActiveCfg = Release|Any CPU
		{B07B163D-BBB6-4117-A24D-421A8C63EC87}.Release|Any CPU.Build.0 = Release|Any CPU
	EndGlobalSection
	GlobalSection(SolutionProperties) = preSolution
		HideSolutionNode = FALSE
	EndGlobalSection
	GlobalSection(ExtensibilityGlobals) = postSolution
		SolutionGuid = {D0DAF966-5947-4B26-8ABA-1CF88A47C025}
	EndGlobalSection
EndGlobal
